{
  "nodes": {
    "flake-utils": {
      "inputs": {
        "systems": "systems"
      },
      "locked": {
        "lastModified": 1687709756,
        "narHash": "sha256-Y5wKlQSkgEK2weWdOu4J3riRd+kV/VCgHsqLNTTWQ/0=",
        "owner": "numtide",
        "repo": "flake-utils",
        "rev": "dbabf0ca0c0c4bce6ea5eaf65af5cb694d2082c7",
        "type": "github"
      },
      "original": {
        "owner": "numtide",
        "repo": "flake-utils",
        "type": "github"
      }
    },
    "menhir-repository": {
      "flake": false,
      "locked": {
        "host": "gitlab.inria.fr",
        "lastModified": 1608146308,
        "narHash": "sha256-i/Xs6G1L/bZ1zj+LB5ehiaBC10ounc1koURV3vFolhI=",
        "owner": "fpottier",
        "repo": "menhir",
        "rev": "abb46d3d9c536bcbe30025f37474e3b4c8288590",
        "type": "gitlab"
      },
      "original": {
        "host": "gitlab.inria.fr",
        "owner": "fpottier",
        "ref": "20201216",
        "repo": "menhir",
        "type": "gitlab"
      }
    },
    "nixpkgs": {
      "locked": {
        "lastModified": 1688587528,
        "narHash": "sha256-a1WlbVZyFtXVwqU/Ut+tl8aTgexp/GKloQtGA1Hfwjw=",
        "owner": "nixos",
        "repo": "nixpkgs",
        "rev": "08c696c8d702e98d6693efea6d0be94b54849a16",
        "type": "github"
      },
      "original": {
        "owner": "nixos",
        "repo": "nixpkgs",
        "type": "github"
      }
    },
    "root": {
      "inputs": {
        "flake-utils": "flake-utils",
        "menhir-repository": "menhir-repository",
        "nixpkgs": "nixpkgs"
      }
    },
    "systems": {
      "locked": {
        "lastModified": 1681028828,
        "narHash": "sha256-Vy1rq5AaRuLzOxct8nz4T6wlgyUR7zLU309k9mBC768=",
        "owner": "nix-systems",
        "repo": "default",
        "rev": "da67096a3b9bf56a91d16901293e51ba5b49a27e",
        "type": "github"
      },
      "original": {
        "owner": "nix-systems",
        "repo": "default",
        "type": "github"
      }
    }
  },
  "root": "root",
  "version": 7
}
