# THIS IS AN AUTOGENERATED FILE. DO NOT EDIT THIS FILE DIRECTLY.
# yarn lockfile v1


"@codemirror/autocomplete@^0.19.0":
  version "0.19.15"
  resolved "https://registry.yarnpkg.com/@codemirror/autocomplete/-/autocomplete-0.19.15.tgz#061f09063dc2a68668d85d7ac8430c7bc6df1a82"
  integrity sha512-GQWzvvuXxNUyaEk+5gawbAD8s51/v2Chb++nx0e2eGWrphWk42isBtzOMdc3DxrxrZtPZ55q2ldNp+6G8KJLIQ==
  dependencies:
    "@codemirror/language" "^0.19.0"
    "@codemirror/state" "^0.19.4"
    "@codemirror/text" "^0.19.2"
    "@codemirror/tooltip" "^0.19.12"
    "@codemirror/view" "^0.19.0"
    "@lezer/common" "^0.15.0"

"@codemirror/basic-setup@^0.19.3":
  version "0.19.3"
  resolved "https://registry.yarnpkg.com/@codemirror/basic-setup/-/basic-setup-0.19.3.tgz#b83e3ee43f632c0305f97771767d84c753d41a6b"
  integrity sha512-2hfO+QDk/HTpQzeYk1NyL1G9D5L7Sj78dtaQP8xBU42DKU9+OBPF5MdjLYnxP0jKzm6IfQfsLd89fnqW3rBVfQ==
  dependencies:
    "@codemirror/autocomplete" "^0.19.0"
    "@codemirror/closebrackets" "^0.19.0"
    "@codemirror/commands" "^0.19.0"
    "@codemirror/comment" "^0.19.0"
    "@codemirror/fold" "^0.19.0"
    "@codemirror/gutter" "^0.19.0"
    "@codemirror/highlight" "^0.19.0"
    "@codemirror/history" "^0.19.0"
    "@codemirror/language" "^0.19.0"
    "@codemirror/lint" "^0.19.0"
    "@codemirror/matchbrackets" "^0.19.0"
    "@codemirror/rectangular-selection" "^0.19.2"
    "@codemirror/search" "^0.19.0"
    "@codemirror/state" "^0.19.0"
    "@codemirror/view" "^0.19.31"

"@codemirror/closebrackets@^0.19.0":
  version "0.19.2"
  resolved "https://registry.yarnpkg.com/@codemirror/closebrackets/-/closebrackets-0.19.2.tgz#ff74dd78218cee57172623eb9ebf7b669fa6f4d4"
  integrity sha512-ClMPzPcPP0eQiDcVjtVPl6OLxgdtZSYDazsvT0AKl70V1OJva0eHgl4/6kCW3RZ0pb2n34i9nJz4eXCmK+TYDA==
  dependencies:
    "@codemirror/language" "^0.19.0"
    "@codemirror/rangeset" "^0.19.0"
    "@codemirror/state" "^0.19.2"
    "@codemirror/text" "^0.19.0"
    "@codemirror/view" "^0.19.44"

"@codemirror/commands@^0.19.0":
  version "0.19.8"
  resolved "https://registry.yarnpkg.com/@codemirror/commands/-/commands-0.19.8.tgz#1f99c1a8bf200d17c4d6997379099459f3678107"
  integrity sha512-65LIMSGUGGpY3oH6mzV46YWRrgao6NmfJ+AuC7jNz3K5NPnH6GCV1H5I6SwOFyVbkiygGyd0EFwrWqywTBD1aw==
  dependencies:
    "@codemirror/language" "^0.19.0"
    "@codemirror/matchbrackets" "^0.19.0"
    "@codemirror/state" "^0.19.2"
    "@codemirror/text" "^0.19.6"
    "@codemirror/view" "^0.19.22"
    "@lezer/common" "^0.15.0"

"@codemirror/comment@^0.19.0":
  version "0.19.1"
  resolved "https://registry.yarnpkg.com/@codemirror/comment/-/comment-0.19.1.tgz#7def8345eeb9095ef1ef33676fbde1ab4fe33fad"
  integrity sha512-uGKteBuVWAC6fW+Yt8u27DOnXMT/xV4Ekk2Z5mRsiADCZDqYvryrJd6PLL5+8t64BVyocwQwNfz1UswYS2CtFQ==
  dependencies:
    "@codemirror/state" "^0.19.9"
    "@codemirror/text" "^0.19.0"
    "@codemirror/view" "^0.19.0"

"@codemirror/fold@^0.19.0":
  version "0.19.3"
  resolved "https://registry.yarnpkg.com/@codemirror/fold/-/fold-0.19.3.tgz#de55d44a7313f2a8920aefb6ebf9eff34715d8d4"
  integrity sha512-8hT+Eq2G68mL0yPRvSD2ewhnLQAX6sbUJmtGVKFcj8oAXtfpYCX8LIcfXsuI19Qs7gZkOSpqZvn+KKj8IhZoAw==
  dependencies:
    "@codemirror/gutter" "^0.19.0"
    "@codemirror/language" "^0.19.0"
    "@codemirror/rangeset" "^0.19.0"
    "@codemirror/state" "^0.19.0"
    "@codemirror/view" "^0.19.22"

"@codemirror/gutter@^0.19.0", "@codemirror/gutter@^0.19.4":
  version "0.19.9"
  resolved "https://registry.yarnpkg.com/@codemirror/gutter/-/gutter-0.19.9.tgz#bbb69f4d49570d9c1b3f3df5d134980c516cd42b"
  integrity sha512-PFrtmilahin1g6uL27aG5tM/rqR9DZzZYZsIrCXA5Uc2OFTFqx4owuhoU9hqfYxHp5ovfvBwQ+txFzqS4vog6Q==
  dependencies:
    "@codemirror/rangeset" "^0.19.0"
    "@codemirror/state" "^0.19.0"
    "@codemirror/view" "^0.19.23"

"@codemirror/highlight@^0.19.0":
  version "0.19.8"
  resolved "https://registry.yarnpkg.com/@codemirror/highlight/-/highlight-0.19.8.tgz#a95aee8ae4389b01f820aa79c48f7b4388087d92"
  integrity sha512-v/lzuHjrYR8MN2mEJcUD6fHSTXXli9C1XGYpr+ElV6fLBIUhMTNKR3qThp611xuWfXfwDxeL7ppcbkM/MzPV3A==
  dependencies:
    "@codemirror/language" "^0.19.0"
    "@codemirror/rangeset" "^0.19.0"
    "@codemirror/state" "^0.19.3"
    "@codemirror/view" "^0.19.39"
    "@lezer/common" "^0.15.0"
    style-mod "^4.0.0"

"@codemirror/history@^0.19.0":
  version "0.19.2"
  resolved "https://registry.yarnpkg.com/@codemirror/history/-/history-0.19.2.tgz#25e3fda755f77ac1223a6ae6e9d7899f5919265e"
  integrity sha512-unhP4t3N2smzmHoo/Yio6ueWi+il8gm9VKrvi6wlcdGH5fOfVDNkmjHQ495SiR+EdOG35+3iNebSPYww0vN7ow==
  dependencies:
    "@codemirror/state" "^0.19.2"
    "@codemirror/view" "^0.19.0"

"@codemirror/language@^0.19.0":
  version "0.19.10"
  resolved "https://registry.yarnpkg.com/@codemirror/language/-/language-0.19.10.tgz#c3d1330fa5de778c6b6b5177af5572a3d9d596b5"
  integrity sha512-yA0DZ3RYn2CqAAGW62VrU8c4YxscMQn45y/I9sjBlqB1e2OTQLg4CCkMBuMSLXk4xaqjlsgazeOQWaJQOKfV8Q==
  dependencies:
    "@codemirror/state" "^0.19.0"
    "@codemirror/text" "^0.19.0"
    "@codemirror/view" "^0.19.0"
    "@lezer/common" "^0.15.5"
    "@lezer/lr" "^0.15.0"

"@codemirror/legacy-modes@^0.19.1":
  version "0.19.1"
  resolved "https://registry.yarnpkg.com/@codemirror/legacy-modes/-/legacy-modes-0.19.1.tgz#7dc3b5df1842060648f75764ab6919fcfce3ea1a"
  integrity sha512-vYPLsD/ON+3SXhlGj9Qb3fpFNNU3Ya/AtDiv/g3OyqVzhh5vs5rAnOvk8xopGWRwppdhlNPD9VyXjiOmZUQtmQ==
  dependencies:
    "@codemirror/stream-parser" "^0.19.0"

"@codemirror/lint@^0.19.0":
  version "0.19.6"
  resolved "https://registry.yarnpkg.com/@codemirror/lint/-/lint-0.19.6.tgz#0379688da3e16739db4a6304c73db857ca85d7ec"
  integrity sha512-Pbw1Y5kHVs2J+itQ0uez3dI4qY9ApYVap7eNfV81x1/3/BXgBkKfadaw0gqJ4h4FDG7OnJwb0VbPsjJQllHjaA==
  dependencies:
    "@codemirror/gutter" "^0.19.4"
    "@codemirror/panel" "^0.19.0"
    "@codemirror/rangeset" "^0.19.1"
    "@codemirror/state" "^0.19.4"
    "@codemirror/tooltip" "^0.19.16"
    "@codemirror/view" "^0.19.22"
    crelt "^1.0.5"

"@codemirror/matchbrackets@^0.19.0":
  version "0.19.4"
  resolved "https://registry.yarnpkg.com/@codemirror/matchbrackets/-/matchbrackets-0.19.4.tgz#50b5188eb2d53f32598dca906bf5fd66626a9ebc"
  integrity sha512-VFkaOKPNudAA5sGP1zikRHCEKU0hjYmkKpr04pybUpQvfTvNJXlReCyP0rvH/1iEwAGPL990ZTT+QrLdu4MeEA==
  dependencies:
    "@codemirror/language" "^0.19.0"
    "@codemirror/state" "^0.19.0"
    "@codemirror/view" "^0.19.0"
    "@lezer/common" "^0.15.0"

"@codemirror/panel@^0.19.0":
  version "0.19.1"
  resolved "https://registry.yarnpkg.com/@codemirror/panel/-/panel-0.19.1.tgz#bf77d27b962cf16357139e50864d0eb69d634441"
  integrity sha512-sYeOCMA3KRYxZYJYn5PNlt9yNsjy3zTNTrbYSfVgjgL9QomIVgOJWPO5hZ2sTN8lufO6lw0vTBsIPL9MSidmBg==
  dependencies:
    "@codemirror/state" "^0.19.0"
    "@codemirror/view" "^0.19.0"

"@codemirror/rangeset@^0.19.0", "@codemirror/rangeset@^0.19.1", "@codemirror/rangeset@^0.19.5":
  version "0.19.9"
  resolved "https://registry.yarnpkg.com/@codemirror/rangeset/-/rangeset-0.19.9.tgz#e80895de93c39dc7899f5be31d368c9d88aa4efc"
  integrity sha512-V8YUuOvK+ew87Xem+71nKcqu1SXd5QROMRLMS/ljT5/3MCxtgrRie1Cvild0G/Z2f1fpWxzX78V0U4jjXBorBQ==
  dependencies:
    "@codemirror/state" "^0.19.0"

"@codemirror/rectangular-selection@^0.19.2":
  version "0.19.2"
  resolved "https://registry.yarnpkg.com/@codemirror/rectangular-selection/-/rectangular-selection-0.19.2.tgz#caa60114421b5c43244494c94203b65f666edb53"
  integrity sha512-AXK/p5eGwFJ9GJcLfntqN4dgY+XiIF7eHfXNQJX5HhQLSped2wJE6WuC1rMEaOlcpOqlb9mrNi/ZdUjSIj9mbA==
  dependencies:
    "@codemirror/state" "^0.19.0"
    "@codemirror/text" "^0.19.4"
    "@codemirror/view" "^0.19.48"

"@codemirror/search@^0.19.0":
  version "0.19.9"
  resolved "https://registry.yarnpkg.com/@codemirror/search/-/search-0.19.9.tgz#b9548dfeb2028e6d5ecd1965f8f0ee50e2925603"
  integrity sha512-h3MuwbUbiyOp6Np3IB5r4LH0w4inZvbtLO1Ipmz8RhElcGRiYr11Q6Bim8ocLfe08RmZT6B5EkTj1E8eNlugQQ==
  dependencies:
    "@codemirror/panel" "^0.19.0"
    "@codemirror/rangeset" "^0.19.0"
    "@codemirror/state" "^0.19.3"
    "@codemirror/text" "^0.19.0"
    "@codemirror/view" "^0.19.34"
    crelt "^1.0.5"

"@codemirror/state@^0.19.0", "@codemirror/state@^0.19.2", "@codemirror/state@^0.19.3", "@codemirror/state@^0.19.4", "@codemirror/state@^0.19.9":
  version "0.19.9"
  resolved "https://registry.yarnpkg.com/@codemirror/state/-/state-0.19.9.tgz#b797f9fbc204d6dc7975485e231693c09001b0dd"
  integrity sha512-psOzDolKTZkx4CgUqhBQ8T8gBc0xN5z4gzed109aF6x7D7umpDRoimacI/O6d9UGuyl4eYuDCZmDFr2Rq7aGOw==
  dependencies:
    "@codemirror/text" "^0.19.0"

"@codemirror/stream-parser@^0.19.0":
  version "0.19.9"
  resolved "https://registry.yarnpkg.com/@codemirror/stream-parser/-/stream-parser-0.19.9.tgz#34955ea91a8047cf72abebd5ce28f0d332aeca48"
  integrity sha512-WTmkEFSRCetpk8xIOvV2yyXdZs3DgYckM0IP7eFi4ewlxWnJO/H4BeJZLs4wQaydWsAqTQoDyIwNH1BCzK5LUQ==
  dependencies:
    "@codemirror/highlight" "^0.19.0"
    "@codemirror/language" "^0.19.0"
    "@codemirror/state" "^0.19.0"
    "@codemirror/text" "^0.19.0"
    "@lezer/common" "^0.15.0"
    "@lezer/lr" "^0.15.0"

"@codemirror/text@^0.19.0", "@codemirror/text@^0.19.2", "@codemirror/text@^0.19.4", "@codemirror/text@^0.19.6":
  version "0.19.6"
  resolved "https://registry.yarnpkg.com/@codemirror/text/-/text-0.19.6.tgz#9adcbd8137f69b75518eacd30ddb16fd67bbac45"
  integrity sha512-T9jnREMIygx+TPC1bOuepz18maGq/92q2a+n4qTqObKwvNMg+8cMTslb8yxeEDEq7S3kpgGWxgO1UWbQRij0dA==

"@codemirror/tooltip@^0.19.12", "@codemirror/tooltip@^0.19.16":
  version "0.19.16"
  resolved "https://registry.yarnpkg.com/@codemirror/tooltip/-/tooltip-0.19.16.tgz#6ba2c43f9d8e3d943d9d7bbae22bf800f7726a22"
  integrity sha512-zxKDHryUV5/RS45AQL+wOeN+i7/l81wK56OMnUPoTSzCWNITfxHn7BToDsjtrRKbzHqUxKYmBnn/4hPjpZ4WJQ==
  dependencies:
    "@codemirror/state" "^0.19.0"
    "@codemirror/view" "^0.19.0"

"@codemirror/view@^0.19.0", "@codemirror/view@^0.19.22", "@codemirror/view@^0.19.23", "@codemirror/view@^0.19.31", "@codemirror/view@^0.19.34", "@codemirror/view@^0.19.39", "@codemirror/view@^0.19.44", "@codemirror/view@^0.19.48":
  version "0.19.48"
  resolved "https://registry.yarnpkg.com/@codemirror/view/-/view-0.19.48.tgz#1c657e2b0f8ed896ac6448d6e2215ab115e2a0fc"
  integrity sha512-0eg7D2Nz4S8/caetCTz61rK0tkHI17V/d15Jy0kLOT8dTLGGNJUponDnW28h2B6bERmPlVHKh8MJIr5OCp1nGw==
  dependencies:
    "@codemirror/rangeset" "^0.19.5"
    "@codemirror/state" "^0.19.3"
    "@codemirror/text" "^0.19.0"
    style-mod "^4.0.0"
    w3c-keyname "^2.2.4"

"@lezer/common@^0.15.0", "@lezer/common@^0.15.5":
  version "0.15.12"
  resolved "https://registry.yarnpkg.com/@lezer/common/-/common-0.15.12.tgz#2f21aec551dd5fd7d24eb069f90f54d5bc6ee5e9"
  integrity sha512-edfwCxNLnzq5pBA/yaIhwJ3U3Kz8VAUOTRg0hhxaizaI1N+qxV7EXDv/kLCkLeq2RzSFvxexlaj5Mzfn2kY0Ig==

"@lezer/lr@^0.15.0":
  version "0.15.8"
  resolved "https://registry.yarnpkg.com/@lezer/lr/-/lr-0.15.8.tgz#1564a911e62b0a0f75ca63794a6aa8c5dc63db21"
  integrity sha512-bM6oE6VQZ6hIFxDNKk8bKPa14hqFrV07J/vHGOeiAbJReIaQXmkVb6xQu4MR+JBTLa5arGRyAAjJe1qaQt3Uvg==
  dependencies:
    "@lezer/common" "^0.15.0"

crelt@^1.0.5:
  version "1.0.5"
  resolved "https://registry.yarnpkg.com/crelt/-/crelt-1.0.5.tgz#57c0d52af8c859e354bace1883eb2e1eb182bb94"
  integrity sha512-+BO9wPPi+DWTDcNYhr/W90myha8ptzftZT+LwcmUbbok0rcP/fequmFYCw8NMoH7pkAZQzU78b3kYrlua5a9eA==

esbuild-android-64@0.14.30:
  version "0.14.30"
  resolved "https://registry.yarnpkg.com/esbuild-android-64/-/esbuild-android-64-0.14.30.tgz#9efcdb3d826b9c67705a0c518d361ab44ae4cc5b"
  integrity sha512-vdJ7t8A8msPfKpYUGUV/KaTQRiZ0vDa2XSTlzXVkGGVHLKPeb85PBUtYJcEgw3htW3IdX5i1t1IMdQCwJJgNAg==

esbuild-android-arm64@0.14.30:
  version "0.14.30"
  resolved "https://registry.yarnpkg.com/esbuild-android-arm64/-/esbuild-android-arm64-0.14.30.tgz#7b90fa7578b94da047e0bf3da477cb5775b58664"
  integrity sha512-BdgGfxeA5hBQNErLr7BWJUA8xjflEfyaARICy8e0OJYNSAwDbEzOf8LyiKWSrDcgV129mWhi3VpbNQvOIDEHcg==

esbuild-darwin-64@0.14.30:
  version "0.14.30"
  resolved "https://registry.yarnpkg.com/esbuild-darwin-64/-/esbuild-darwin-64-0.14.30.tgz#275e40eb100286b868d4cd664e6447b53400f7ff"
  integrity sha512-VRaOXMMrsG5n53pl4qFZQdXy2+E0NoLP/QH3aDUI0+bQP+ZHDmbINKcDy2IX7GVFI9kqPS18iJNAs5a6/G2LZg==

esbuild-darwin-arm64@0.14.30:
  version "0.14.30"
  resolved "https://registry.yarnpkg.com/esbuild-darwin-arm64/-/esbuild-darwin-arm64-0.14.30.tgz#c2b8fe03fb0dcee1d227b226c9c921de71e4d411"
  integrity sha512-qDez+fHMOrO9Oc9qjt/x+sy09RJVh62kik5tVybKRLmezeV4qczM9/sAYY57YN0aWLdHbcCj2YqJUWYJNsgKnw==

esbuild-freebsd-64@0.14.30:
  version "0.14.30"
  resolved "https://registry.yarnpkg.com/esbuild-freebsd-64/-/esbuild-freebsd-64-0.14.30.tgz#328bb272ce6cfcae202b6e0a06c240036335cc91"
  integrity sha512-mec1jENcImVVagddZlGWsdAUwBnzR5cgnhzCxv+9fSMxKbx1uZYLLUAnLPp8m/i934zrumR1xGjJ5VoWdPlI2w==

esbuild-freebsd-arm64@0.14.30:
  version "0.14.30"
  resolved "https://registry.yarnpkg.com/esbuild-freebsd-arm64/-/esbuild-freebsd-arm64-0.14.30.tgz#49ce79fa7d7087a941e27432da46bafb5b35a979"
  integrity sha512-cpjbTs6Iok/AfeB0JgTzyUJTMStC1SQULmany5nHx6S4GTkSgaAHuJzZO0GcVWqghI4e0YL/bjXAhN5Mn6feNw==

esbuild-linux-32@0.14.30:
  version "0.14.30"
  resolved "https://registry.yarnpkg.com/esbuild-linux-32/-/esbuild-linux-32-0.14.30.tgz#c473299f5291130f6d4436808603b529ccbfa785"
  integrity sha512-liIONVT4F2kZmOMwtwASqZ8WkIjb5HHBR9HUffdHiuotSTF3CyZO+EJf+Og+SYYuuVIvt0qHNSFjBA/iSESteQ==

esbuild-linux-64@0.14.30:
  version "0.14.30"
  resolved "https://registry.yarnpkg.com/esbuild-linux-64/-/esbuild-linux-64-0.14.30.tgz#b4be59f0665a44574a7617c9db673943da6061f8"
  integrity sha512-LUnpzoMpRqFON5En4qEj6NWiyH6a1K+Y2qYNKrCy5qPTjDoG/EWeqMz69n8Uv7pRuvDKl3FNGJ1dufTrA5i0sw==

esbuild-linux-arm64@0.14.30:
  version "0.14.30"
  resolved "https://registry.yarnpkg.com/esbuild-linux-arm64/-/esbuild-linux-arm64-0.14.30.tgz#78485a9f49858ea69ced85c3dd0fe58d354f20f8"
  integrity sha512-DHZHn6FK5q/KL0fpNT/0jE38Nnyk2rXxKE9WENi95EXtqfOLPgE8tzjTZQNgpr61R95QX4ymQU26ni3IZk8buQ==

esbuild-linux-arm@0.14.30:
  version "0.14.30"
  resolved "https://registry.yarnpkg.com/esbuild-linux-arm/-/esbuild-linux-arm-0.14.30.tgz#00392bbe04ac687dd6d9849ecee302bc27f984f2"
  integrity sha512-97T+bbXnpqf7mfIG49UR7ZSJFGgvc22byn74qw3Kx2GDCBSQoVFjyWuKOHGXp8nXk3XYrdFF+mQ8yQ7aNsgQvg==

esbuild-linux-mips64le@0.14.30:
  version "0.14.30"
  resolved "https://registry.yarnpkg.com/esbuild-linux-mips64le/-/esbuild-linux-mips64le-0.14.30.tgz#cf48a292037c3a9ca3ca84ec0ae4f47bf1247ab4"
  integrity sha512-fLUzTFZ7uknC0aPTk7/lM7NmaG/9ZqE3SaHEphcaM009SZK/mDOvZugWi1ss6WGNhk13dUrhkfHcc4FSb9hYhg==

esbuild-linux-ppc64le@0.14.30:
  version "0.14.30"
  resolved "https://registry.yarnpkg.com/esbuild-linux-ppc64le/-/esbuild-linux-ppc64le-0.14.30.tgz#8e448a54e7040829ee9ecfc68dab0f3a039b1cff"
  integrity sha512-2Oudm2WEfj0dNU9bzIl5L/LrsMEmHWsOsYgJJqu8fDyUDgER+J1d33qz3cUdjsJk7gAENayIxDSpsuCszx0w3A==

esbuild-linux-riscv64@0.14.30:
  version "0.14.30"
  resolved "https://registry.yarnpkg.com/esbuild-linux-riscv64/-/esbuild-linux-riscv64-0.14.30.tgz#118af007f21adb00c4362d5eda3f004290f4d0ef"
  integrity sha512-RPMucPW47rV4t2jlelaE948iCRtbZf5RhifxSwzlpM1Mqdyu99MMNK0w4jFreGTmLN+oGomxIOxD6n+2E/XqHw==

esbuild-linux-s390x@0.14.30:
  version "0.14.30"
  resolved "https://registry.yarnpkg.com/esbuild-linux-s390x/-/esbuild-linux-s390x-0.14.30.tgz#e0649e26d8791bf6265685842dcef732de59b49b"
  integrity sha512-OZ68r7ok6qO7hdwrwQn2p5jbIRRcUcVaAykB7e0uCA0ODwfeGunILM6phJtq2Oz4dlEEFvd+tSuma3paQKwt+A==

esbuild-netbsd-64@0.14.30:
  version "0.14.30"
  resolved "https://registry.yarnpkg.com/esbuild-netbsd-64/-/esbuild-netbsd-64-0.14.30.tgz#7653db21ab4379a1b557f338b040e3493ff5006c"
  integrity sha512-iyejQUKn0TzpPkufq8pSCxOg9NheycQbMbPCmjefTe9wYuUlBt1TcHvdoJnYbQzsAhAh1BNq+s0ycRsIJFZzaQ==

esbuild-openbsd-64@0.14.30:
  version "0.14.30"
  resolved "https://registry.yarnpkg.com/esbuild-openbsd-64/-/esbuild-openbsd-64-0.14.30.tgz#3fad1699cb2ca7a060585356e2881df7b3fa5bb1"
  integrity sha512-UyK1MTMcy4j5fH260fsE1o6MVgWNhb62eCK2yCKCRazZv8Nqdc2WiP9ygjWidmEdCDS+A6MuVp9ozk9uoQtQpA==

esbuild-sunos-64@0.14.30:
  version "0.14.30"
  resolved "https://registry.yarnpkg.com/esbuild-sunos-64/-/esbuild-sunos-64-0.14.30.tgz#2306a178dc2362cf32fc182327c21b49b78ca1a3"
  integrity sha512-aQRtRTNKHB4YuG+xXATe5AoRTNY48IJg5vjE8ElxfmjO9+KdX7MHFkTLhlKevCD6rNANtB3qOlSIeAiXTwHNqw==

esbuild-windows-32@0.14.30:
  version "0.14.30"
  resolved "https://registry.yarnpkg.com/esbuild-windows-32/-/esbuild-windows-32-0.14.30.tgz#ea17b2a9468e346734f926a7edd49de3cc81d12f"
  integrity sha512-9/fb1tPtpacMqxAXp3fGHowUDg/l9dVch5hKmCLEZC6PdGljh6h372zMdJwYfH0Bd5CCPT0Wx95uycBLJiqpXA==

esbuild-windows-64@0.14.30:
  version "0.14.30"
  resolved "https://registry.yarnpkg.com/esbuild-windows-64/-/esbuild-windows-64-0.14.30.tgz#266147f1f45974ac61dece10ab32bc916050dcc2"
  integrity sha512-DHgITeUhPAnN9I5O6QBa1GVyPOhiYCn4S4TtQr7sO4+X0LNyqnlmA1M0qmGkUdDC1QQfjI8uQ4G/whdWb2pWIQ==

esbuild-windows-arm64@0.14.30:
  version "0.14.30"
  resolved "https://registry.yarnpkg.com/esbuild-windows-arm64/-/esbuild-windows-arm64-0.14.30.tgz#8e5e9c2455bffaf3e1a387eee4841f5c3797b8a8"
  integrity sha512-F1kLyQH7zSgjh5eLxogGZN7C9+KNs9m+s7Q6WZoMmCWT/6j998zlaoECHyM8izJRRfsvw2eZlEa1jO6/IOU1AQ==

esbuild@^0.14.29:
  version "0.14.30"
  resolved "https://registry.yarnpkg.com/esbuild/-/esbuild-0.14.30.tgz#8bf6501a58f71e622e7485aeada79c764c1affe4"
  integrity sha512-wCecQSBkIjp2xjuXY+wcXS/PpOQo9rFh4NAKPh4Pm9f3fuLcnxkR0rDzA+mYP88FtXIUcXUyYmaIgfrzRl55jA==
  optionalDependencies:
    esbuild-android-64 "0.14.30"
    esbuild-android-arm64 "0.14.30"
    esbuild-darwin-64 "0.14.30"
    esbuild-darwin-arm64 "0.14.30"
    esbuild-freebsd-64 "0.14.30"
    esbuild-freebsd-arm64 "0.14.30"
    esbuild-linux-32 "0.14.30"
    esbuild-linux-64 "0.14.30"
    esbuild-linux-arm "0.14.30"
    esbuild-linux-arm64 "0.14.30"
    esbuild-linux-mips64le "0.14.30"
    esbuild-linux-ppc64le "0.14.30"
    esbuild-linux-riscv64 "0.14.30"
    esbuild-linux-s390x "0.14.30"
    esbuild-netbsd-64 "0.14.30"
    esbuild-openbsd-64 "0.14.30"
    esbuild-sunos-64 "0.14.30"
    esbuild-windows-32 "0.14.30"
    esbuild-windows-64 "0.14.30"
    esbuild-windows-arm64 "0.14.30"

style-mod@^4.0.0:
  version "4.0.0"
  resolved "https://registry.yarnpkg.com/style-mod/-/style-mod-4.0.0.tgz#97e7c2d68b592975f2ca7a63d0dd6fcacfe35a01"
  integrity sha512-OPhtyEjyyN9x3nhPsu76f52yUGXiZcgvsrFVtvTkyGRQJ0XK+GPc6ov1z+lRpbeabka+MYEQxOYRnt5nF30aMw==

w3c-keyname@^2.2.4:
  version "2.2.4"
  resolved "https://registry.yarnpkg.com/w3c-keyname/-/w3c-keyname-2.2.4.tgz#4ade6916f6290224cdbd1db8ac49eab03d0eef6b"
  integrity sha512-tOhfEwEzFLJzf6d1ZPkYfGj+FWhIpBux9ppoP3rlclw3Z0BZv3N7b7030Z1kYth+6rDuAsXUFr+d0VE6Ed1ikw==
